
Microsoft Visual Studio Solution File, Format Version 12.00
# Visual Studio 15
Project("{FAE04EC0-301F-11D3-BF4B-00C04F79EFBC}") = "Assembly-CSharp", "Assembly-CSharp.csproj", "{CF5F0D53-AC98-4034-56C8-467228284B9C}"
EndProject
Project("{FAE04EC0-301F-11D3-BF4B-00C04F79EFBC}") = "Assembly-CSharp-Editor", "Assembly-CSharp-Editor.csproj", "{C80FF9D3-F458-8B62-F480-EAF70AE085D7}"
EndProject
Global
	GlobalSection(SolutionConfigurationPlatforms) = preSolution
		Debug|Any CPU = Debug|Any CPU
		Release|Any CPU = Release|Any CPU
	EndGlobalSection
	GlobalSection(ProjectConfigurationPlatforms) = postSolution
		{CF5F0D53-AC98-4034-56C8-467228284B9C}.Debug|Any CPU.ActiveCfg = Debug|Any CPU
		{CF5F0D53-AC98-4034-56C8-467228284B9C}.Debug|Any CPU.Build.0 = Debug|Any CPU
		{CF5F0D53-AC98-4034-56C8-467228284B9C}.Release|Any CPU.ActiveCfg = Release|Any CPU
		{CF5F0D53-AC98-4034-56C8-467228284B9C}.Release|Any CPU.Build.0 = Release|Any CPU
		{C80FF9D3-F458-8B62-F480-EAF70AE085D7}.Debug|Any CPU.ActiveCfg = Debug|Any CPU
		{C80FF9D3-F458-8B62-F480-EAF70AE085D7}.Debug|Any CPU.Build.0 = Debug|Any CPU
		{C80FF9D3-F458-8B62-F480-EAF70AE085D7}.Release|Any CPU.ActiveCfg = Release|Any CPU
		{C80FF9D3-F458-8B62-F480-EAF70AE085D7}.Release|Any CPU.Build.0 = Release|Any CPU
	EndGlobalSection
	GlobalSection(SolutionProperties) = preSolution
		HideSolutionNode = FALSE
	EndGlobalSection
EndGlobal
